{
  "name": "@sriinnu/omit",
  "version": "0.4.1",
  "lockfileVersion": 3,
  "requires": true,
  "packages": {
    "": {
      "name": "@sriinnu/omit",
      "version": "0.4.1",
      "license": "MIT",
      "bin": {
        "omit": "bin/omit.mjs"
      },
      "devDependencies": {
        "@earendil-works/pi-codemode": "^1.0.3"
      },
      "peerDependencies": {
        "@earendil-works/pi-codemode": "^1.0.3"
      },
      "peerDependenciesMeta": {
        "@earendil-works/pi-codemode": {
          "optional": true
        }
      }
    },
    "node_modules/@earendil-works/pi-codemode": {
      "version": "1.0.4",
      "resolved": "https://registry.npmjs.org/@earendil-works/pi-codemode/-/pi-codemode-1.0.4.tgz",
      "integrity": "sha512-e198pjBsdEQJ/RCjJ9ZeYIjRaQYWUgtoZbPCmJ57auuOsiRsBXeSZ1aiWtTah0/7gx97WIOD1XqHvgRU0gOXtg==",
      "dev": true,
      "license": "MIT",
      "dependencies": {
        "quickjs-wasi": "3.6.2"
      },
      "engines": {
        "node": ">=22.19.0"
      }
    },
    "node_modules/quickjs-wasi": {
      "version": "3.6.2",
      "resolved": "https://registry.npmjs.org/quickjs-wasi/-/quickjs-wasi-3.6.2.tgz",
      "integrity": "sha512-FCqGtGOrMgzUiIrMNMA2YnsOxCNwo31dzqXvclXUC6xeT35NJLKXQJsvbeCTjvoFAwZgEAPg8U6+KAPDGXn8Mg==",
      "dev": true,
      "license": "MIT"
    }
  }
}
